
Microsoft Visual Studio Solution File, Format Version 12.00
# Visual Studio Version 16
VisualStudioVersion = 16.0.31112.23
MinimumVisualStudioVersion = 10.0.40219.1
Project("{FAE04EC0-301F-11D3-BF4B-00C04F79EFBC}") = "HadaPopWeb", "HadaPopWeb\HadaPopWeb.csproj", "{47DD03FD-7258-40A7-AF42-486D0E3E0EF0}"
EndProject
Project("{FAE04EC0-301F-11D3-BF4B-00C04F79EFBC}") = "library", "library\library.csproj", "{C1943EEE-F560-4929-B9FA-6C28B12D6C2D}"
EndProject
Global
	GlobalSection(SolutionConfigurationPlatforms) = preSolution
		Debug|Any CPU = Debug|Any CPU
		Release|Any CPU = Release|Any CPU
	EndGlobalSection
	GlobalSection(ProjectConfigurationPlatforms) = postSolution
		{47DD03FD-7258-40A7-AF42-486D0E3E0EF0}.Debug|Any CPU.ActiveCfg = Debug|Any CPU
		{47DD03FD-7258-40A7-AF42-486D0E3E0EF0}.Debug|Any CPU.Build.0 = Debug|Any CPU
		{47DD03FD-7258-40A7-AF42-486D0E3E0EF0}.Release|Any CPU.ActiveCfg = Release|Any CPU
		{47DD03FD-7258-40A7-AF42-486D0E3E0EF0}.Release|Any CPU.Build.0 = Release|Any CPU
		{C1943EEE-F560-4929-B9FA-6C28B12D6C2D}.Debug|Any CPU.ActiveCfg = Debug|Any CPU
		{C1943EEE-F560-4929-B9FA-6C28B12D6C2D}.Debug|Any CPU.Build.0 = Debug|Any CPU
		{C1943EEE-F560-4929-B9FA-6C28B12D6C2D}.Release|Any CPU.ActiveCfg = Release|Any CPU
		{C1943EEE-F560-4929-B9FA-6C28B12D6C2D}.Release|Any CPU.Build.0 = Release|Any CPU
	EndGlobalSection
	GlobalSection(SolutionProperties) = preSolution
		HideSolutionNode = FALSE
	EndGlobalSection
	GlobalSection(ExtensibilityGlobals) = postSolution
		SolutionGuid = {775CBDB2-0E96-40AD-ABA6-930B31AC80C4}
	EndGlobalSection
EndGlobal
